
Microsoft Visual Studio Solution File, Format Version 12.00
# Visual Studio Version 17
VisualStudioVersion = 17.0.31717.71
MinimumVisualStudioVersion = 10.0.40219.1
Project("{FAE04EC0-301F-11D3-BF4B-00C04F79EFBC}") = "ByteBank", "ByteBank\ByteBank.csproj", "{07CEFC10-A810-4390-8977-8B8A2558162A}"
EndProject
Global
	GlobalSection(SolutionConfigurationPlatforms) = preSolution
		Debug|Any CPU = Debug|Any CPU
		Release|Any CPU = Release|Any CPU
	EndGlobalSection
	GlobalSection(ProjectConfigurationPlatforms) = postSolution
		{07CEFC10-A810-4390-8977-8B8A2558162A}.Debug|Any CPU.ActiveCfg = Debug|Any CPU
		{07CEFC10-A810-4390-8977-8B8A2558162A}.Debug|Any CPU.Build.0 = Debug|Any CPU
		{07CEFC10-A810-4390-8977-8B8A2558162A}.Release|Any CPU.ActiveCfg = Release|Any CPU
		{07CEFC10-A810-4390-8977-8B8A2558162A}.Release|Any CPU.Build.0 = Release|Any CPU
	EndGlobalSection
	GlobalSection(SolutionProperties) = preSolution
		HideSolutionNode = FALSE
	EndGlobalSection
	GlobalSection(ExtensibilityGlobals) = postSolution
		SolutionGuid = {1621F5D0-AD82-4AB4-AE0D-F9EE0CCD5BF0}
	EndGlobalSection
EndGlobal
